{
	"name": "@premid/schema-server",
	"version": "1.0.10",
	"lockfileVersion": 3,
	"requires": true,
	"packages": {
		"": {
			"name": "@premid/schema-server",
			"version": "1.0.10",
			"license": "MPL-2.0",
			"dependencies": {
				"@fastify/helmet": "^11.1.1",
				"fastify": "^4.26.0",
				"globby": "^14.0.1"
			},
			"devDependencies": {
				"@types/node": "^24.10.1",
				"typescript": "^5.9.3"
			}
		},
		"node_modules/@fastify/ajv-compiler": {
			"version": "3.6.0",
			"resolved": "https://registry.npmjs.org/@fastify/ajv-compiler/-/ajv-compiler-3.6.0.tgz",
			"integrity": "sha512-LwdXQJjmMD+GwLOkP7TVC68qa+pSSogeWWmznRJ/coyTcfe9qA05AHFSe1eZFwK6q+xVRpChnvFUkf1iYaSZsQ==",
			"license": "MIT",
			"dependencies": {
				"ajv": "^8.11.0",
				"ajv-formats": "^2.1.1",
				"fast-uri": "^2.0.0"
			}
		},
		"node_modules/@fastify/error": {
			"version": "3.4.1",
			"resolved": "https://registry.npmjs.org/@fastify/error/-/error-3.4.1.tgz",
			"integrity": "sha512-wWSvph+29GR783IhmvdwWnN4bUxTD01Vm5Xad4i7i1VuAOItLvbPAb69sb0IQ2N57yprvhNIwAP5B6xfKTmjmQ==",
			"license": "MIT"
		},
		"node_modules/@fastify/fast-json-stringify-compiler": {
			"version": "4.3.0",
			"resolved": "https://registry.npmjs.org/@fastify/fast-json-stringify-compiler/-/fast-json-stringify-compiler-4.3.0.tgz",
			"integrity": "sha512-aZAXGYo6m22Fk1zZzEUKBvut/CIIQe/BapEORnxiD5Qr0kPHqqI69NtEMCme74h+at72sPhbkb4ZrLd1W3KRLA==",
			"license": "MIT",
			"dependencies": {
				"fast-json-stringify": "^5.7.0"
			}
		},
		"node_modules/@fastify/helmet": {
			"version": "11.1.1",
			"resolved": "https://registry.npmjs.org/@fastify/helmet/-/helmet-11.1.1.tgz",
			"integrity": "sha512-pjJxjk6SLEimITWadtYIXt6wBMfFC1I6OQyH/jYVCqSAn36sgAIFjeNiibHtifjCd+e25442pObis3Rjtame6A==",
			"license": "MIT",
			"dependencies": {
				"fastify-plugin": "^4.2.1",
				"helmet": "^7.0.0"
			}
		},
		"node_modules/@fastify/merge-json-schemas": {
			"version": "0.1.1",
			"resolved": "https://registry.npmjs.org/@fastify/merge-json-schemas/-/merge-json-schemas-0.1.1.tgz",
			"integrity": "sha512-fERDVz7topgNjtXsJTTW1JKLy0rhuLRcquYqNR9rF7OcVpCa2OVW49ZPDIhaRRCaUuvVxI+N416xUoF76HNSXA==",
			"license": "MIT",
			"dependencies": {
				"fast-deep-equal": "^3.1.3"
			}
		},
		"node_modules/@nodelib/fs.scandir": {
			"version": "2.1.5",
			"resolved": "https://registry.npmjs.org/@nodelib/fs.scandir/-/fs.scandir-2.1.5.tgz",
			"integrity": "sha512-vq24Bq3ym5HEQm2NKCr3yXDwjc7vTsEThRDnkp2DK9p1uqLR+DHurm/NOTo0KG7HYHU7eppKZj3MyqYuMBf62g==",
			"license": "MIT",
			"dependencies": {
				"@nodelib/fs.stat": "2.0.5",
				"run-parallel": "^1.1.9"
			},
			"engines": {
				"node": ">= 8"
			}
		},
		"node_modules/@nodelib/fs.stat": {
			"version": "2.0.5",
			"resolved": "https://registry.npmjs.org/@nodelib/fs.stat/-/fs.stat-2.0.5.tgz",
			"integrity": "sha512-RkhPPp2zrqDAQA/2jNhnztcPAlv64XdhIp7a7454A5ovI7Bukxgt7MX7udwAu3zg1DcpPU0rz3VV1SeaqvY4+A==",
			"license": "MIT",
			"engines": {
				"node": ">= 8"
			}
		},
		"node_modules/@nodelib/fs.walk": {
			"version": "1.2.8",
			"resolved": "https://registry.npmjs.org/@nodelib/fs.walk/-/fs.walk-1.2.8.tgz",
			"integrity": "sha512-oGB+UxlgWcgQkgwo8GcEGwemoTFt3FIO9ababBmaGwXIoBKZ+GTy0pP185beGg7Llih/NSHSV2XAs1lnznocSg==",
			"license": "MIT",
			"dependencies": {
				"@nodelib/fs.scandir": "2.1.5",
				"fastq": "^1.6.0"
			},
			"engines": {
				"node": ">= 8"
			}
		},
		"node_modules/@pinojs/redact": {
			"version": "0.4.0",
			"resolved": "https://registry.npmjs.org/@pinojs/redact/-/redact-0.4.0.tgz",
			"integrity": "sha512-k2ENnmBugE/rzQfEcdWHcCY+/FM3VLzH9cYEsbdsoqrvzAKRhUZeRNhAZvB8OitQJ1TBed3yqWtdjzS6wJKBwg==",
			"license": "MIT"
		},
		"node_modules/@sindresorhus/merge-streams": {
			"version": "2.3.0",
			"resolved": "https://registry.npmjs.org/@sindresorhus/merge-streams/-/merge-streams-2.3.0.tgz",
			"integrity": "sha512-LtoMMhxAlorcGhmFYI+LhPgbPZCkgP6ra1YL604EeF6U98pLlQ3iWIGMdWSC+vWmPBWBNgmDBAhnAobLROJmwg==",
			"license": "MIT",
			"engines": {
				"node": ">=18"
			},
			"funding": {
				"url": "https://github.com/sponsors/sindresorhus"
			}
		},
		"node_modules/@types/node": {
			"version": "24.10.1",
			"resolved": "https://registry.npmjs.org/@types/node/-/node-24.10.1.tgz",
			"integrity": "sha512-GNWcUTRBgIRJD5zj+Tq0fKOJ5XZajIiBroOF0yvj2bSU1WvNdYS/dn9UxwsujGW4JX06dnHyjV2y9rRaybH0iQ==",
			"dev": true,
			"license": "MIT",
			"dependencies": {
				"undici-types": "~7.16.0"
			}
		},
		"node_modules/abstract-logging": {
			"version": "2.0.1",
			"resolved": "https://registry.npmjs.org/abstract-logging/-/abstract-logging-2.0.1.tgz",
			"integrity": "sha512-2BjRTZxTPvheOvGbBslFSYOUkr+SjPtOnrLP33f+VIWLzezQpZcqVg7ja3L4dBXmzzgwT+a029jRx5PCi3JuiA==",
			"license": "MIT"
		},
		"node_modules/ajv": {
			"version": "8.17.1",
			"resolved": "https://registry.npmjs.org/ajv/-/ajv-8.17.1.tgz",
			"integrity": "sha512-B/gBuNg5SiMTrPkC+A2+cW0RszwxYmn6VYxB/inlBStS5nx6xHIt/ehKRhIMhqusl7a8LjQoZnjCs5vhwxOQ1g==",
			"license": "MIT",
			"dependencies": {
				"fast-deep-equal": "^3.1.3",
				"fast-uri": "^3.0.1",
				"json-schema-traverse": "^1.0.0",
				"require-from-string": "^2.0.2"
			},
			"funding": {
				"type": "github",
				"url": "https://github.com/sponsors/epoberezkin"
			}
		},
		"node_modules/ajv-formats": {
			"version": "2.1.1",
			"resolved": "https://registry.npmjs.org/ajv-formats/-/ajv-formats-2.1.1.tgz",
			"integrity": "sha512-Wx0Kx52hxE7C18hkMEggYlEifqWZtYaRgouJor+WMdPnQyEK13vgEWyVNup7SoeeoLMsr4kf5h6dOW11I15MUA==",
			"license": "MIT",
			"dependencies": {
				"ajv": "^8.0.0"
			},
			"peerDependencies": {
				"ajv": "^8.0.0"
			},
			"peerDependenciesMeta": {
				"ajv": {
					"optional": true
				}
			}
		},
		"node_modules/ajv/node_modules/fast-uri": {
			"version": "3.1.0",
			"resolved": "https://registry.npmjs.org/fast-uri/-/fast-uri-3.1.0.tgz",
			"integrity": "sha512-iPeeDKJSWf4IEOasVVrknXpaBV0IApz/gp7S2bb7Z4Lljbl2MGJRqInZiUrQwV16cpzw/D3S5j5Julj/gT52AA==",
			"funding": [
				{
					"type": "github",
					"url": "https://github.com/sponsors/fastify"
				},
				{
					"type": "opencollective",
					"url": "https://opencollective.com/fastify"
				}
			],
			"license": "BSD-3-Clause"
		},
		"node_modules/atomic-sleep": {
			"version": "1.0.0",
			"resolved": "https://registry.npmjs.org/atomic-sleep/-/atomic-sleep-1.0.0.tgz",
			"integrity": "sha512-kNOjDqAh7px0XWNI+4QbzoiR/nTkHAWNud2uvnJquD1/x5a7EQZMJT0AczqK0Qn67oY/TTQ1LbUKajZpp3I9tQ==",
			"license": "MIT",
			"engines": {
				"node": ">=8.0.0"
			}
		},
		"node_modules/avvio": {
			"version": "8.4.0",
			"resolved": "https://registry.npmjs.org/avvio/-/avvio-8.4.0.tgz",
			"integrity": "sha512-CDSwaxINFy59iNwhYnkvALBwZiTydGkOecZyPkqBpABYR1KqGEsET0VOOYDwtleZSUIdeY36DC2bSZ24CO1igA==",
			"license": "MIT",
			"dependencies": {
				"@fastify/error": "^3.3.0",
				"fastq": "^1.17.1"
			}
		},
		"node_modules/braces": {
			"version": "3.0.3",
			"resolved": "https://registry.npmjs.org/braces/-/braces-3.0.3.tgz",
			"integrity": "sha512-yQbXgO/OSZVD2IsiLlro+7Hf6Q18EJrKSEsdoMzKePKXct3gvD8oLcOQdIzGupr5Fj+EDe8gO/lxc1BzfMpxvA==",
			"license": "MIT",
			"dependencies": {
				"fill-range": "^7.1.1"
			},
			"engines": {
				"node": ">=8"
			}
		},
		"node_modules/cookie": {
			"version": "0.7.2",
			"resolved": "https://registry.npmjs.org/cookie/-/cookie-0.7.2.tgz",
			"integrity": "sha512-yki5XnKuf750l50uGTllt6kKILY4nQ1eNIQatoXEByZ5dWgnKqbnqmTrBE5B4N7lrMJKQ2ytWMiTO2o0v6Ew/w==",
			"license": "MIT",
			"engines": {
				"node": ">= 0.6"
			}
		},
		"node_modules/fast-content-type-parse": {
			"version": "1.1.0",
			"resolved": "https://registry.npmjs.org/fast-content-type-parse/-/fast-content-type-parse-1.1.0.tgz",
			"integrity": "sha512-fBHHqSTFLVnR61C+gltJuE5GkVQMV0S2nqUO8TJ+5Z3qAKG8vAx4FKai1s5jq/inV1+sREynIWSuQ6HgoSXpDQ==",
			"license": "MIT"
		},
		"node_modules/fast-decode-uri-component": {
			"version": "1.0.1",
			"resolved": "https://registry.npmjs.org/fast-decode-uri-component/-/fast-decode-uri-component-1.0.1.tgz",
			"integrity": "sha512-WKgKWg5eUxvRZGwW8FvfbaH7AXSh2cL+3j5fMGzUMCxWBJ3dV3a7Wz8y2f/uQ0e3B6WmodD3oS54jTQ9HVTIIg==",
			"license": "MIT"
		},
		"node_modules/fast-deep-equal": {
			"version": "3.1.3",
			"resolved": "https://registry.npmjs.org/fast-deep-equal/-/fast-deep-equal-3.1.3.tgz",
			"integrity": "sha512-f3qQ9oQy9j2AhBe/H9VC91wLmKBCCU/gDOnKNAYG5hswO7BLKj09Hc5HYNz9cGI++xlpDCIgDaitVs03ATR84Q==",
			"license": "MIT"
		},
		"node_modules/fast-glob": {
			"version": "3.3.3",
			"resolved": "https://registry.npmjs.org/fast-glob/-/fast-glob-3.3.3.tgz",
			"integrity": "sha512-7MptL8U0cqcFdzIzwOTHoilX9x5BrNqye7Z/LuC7kCMRio1EMSyqRK3BEAUD7sXRq4iT4AzTVuZdhgQ2TCvYLg==",
			"license": "MIT",
			"dependencies": {
				"@nodelib/fs.stat": "^2.0.2",
				"@nodelib/fs.walk": "^1.2.3",
				"glob-parent": "^5.1.2",
				"merge2": "^1.3.0",
				"micromatch": "^4.0.8"
			},
			"engines": {
				"node": ">=8.6.0"
			}
		},
		"node_modules/fast-json-stringify": {
			"version": "5.16.1",
			"resolved": "https://registry.npmjs.org/fast-json-stringify/-/fast-json-stringify-5.16.1.tgz",
			"integrity": "sha512-KAdnLvy1yu/XrRtP+LJnxbBGrhN+xXu+gt3EUvZhYGKCr3lFHq/7UFJHHFgmJKoqlh6B40bZLEv7w46B0mqn1g==",
			"license": "MIT",
			"dependencies": {
				"@fastify/merge-json-schemas": "^0.1.0",
				"ajv": "^8.10.0",
				"ajv-formats": "^3.0.1",
				"fast-deep-equal": "^3.1.3",
				"fast-uri": "^2.1.0",
				"json-schema-ref-resolver": "^1.0.1",
				"rfdc": "^1.2.0"
			}
		},
		"node_modules/fast-json-stringify/node_modules/ajv-formats": {
			"version": "3.0.1",
			"resolved": "https://registry.npmjs.org/ajv-formats/-/ajv-formats-3.0.1.tgz",
			"integrity": "sha512-8iUql50EUR+uUcdRQ3HDqa6EVyo3docL8g5WJ3FNcWmu62IbkGUue/pEyLBW8VGKKucTPgqeks4fIU1DA4yowQ==",
			"license": "MIT",
			"dependencies": {
				"ajv": "^8.0.0"
			},
			"peerDependencies": {
				"ajv": "^8.0.0"
			},
			"peerDependenciesMeta": {
				"ajv": {
					"optional": true
				}
			}
		},
		"node_modules/fast-querystring": {
			"version": "1.1.2",
			"resolved": "https://registry.npmjs.org/fast-querystring/-/fast-querystring-1.1.2.tgz",
			"integrity": "sha512-g6KuKWmFXc0fID8WWH0jit4g0AGBoJhCkJMb1RmbsSEUNvQ+ZC8D6CUZ+GtF8nMzSPXnhiePyyqqipzNNEnHjg==",
			"license": "MIT",
			"dependencies": {
				"fast-decode-uri-component": "^1.0.1"
			}
		},
		"node_modules/fast-uri": {
			"version": "2.4.0",
			"resolved": "https://registry.npmjs.org/fast-uri/-/fast-uri-2.4.0.tgz",
			"integrity": "sha512-ypuAmmMKInk5q7XcepxlnUWDLWv4GFtaJqAzWKqn62IpQ3pejtr5dTVbt3vwqVaMKmkNR55sTT+CqUKIaT21BA==",
			"license": "MIT"
		},
		"node_modules/fastify": {
			"version": "4.29.1",
			"resolved": "https://registry.npmjs.org/fastify/-/fastify-4.29.1.tgz",
			"integrity": "sha512-m2kMNHIG92tSNWv+Z3UeTR9AWLLuo7KctC7mlFPtMEVrfjIhmQhkQnT9v15qA/BfVq3vvj134Y0jl9SBje3jXQ==",
			"funding": [
				{
					"type": "github",
					"url": "https://github.com/sponsors/fastify"
				},
				{
					"type": "opencollective",
					"url": "https://opencollective.com/fastify"
				}
			],
			"license": "MIT",
			"dependencies": {
				"@fastify/ajv-compiler": "^3.5.0",
				"@fastify/error": "^3.4.0",
				"@fastify/fast-json-stringify-compiler": "^4.3.0",
				"abstract-logging": "^2.0.1",
				"avvio": "^8.3.0",
				"fast-content-type-parse": "^1.1.0",
				"fast-json-stringify": "^5.8.0",
				"find-my-way": "^8.0.0",
				"light-my-request": "^5.11.0",
				"pino": "^9.0.0",
				"process-warning": "^3.0.0",
				"proxy-addr": "^2.0.7",
				"rfdc": "^1.3.0",
				"secure-json-parse": "^2.7.0",
				"semver": "^7.5.4",
				"toad-cache": "^3.3.0"
			}
		},
		"node_modules/fastify-plugin": {
			"version": "4.5.1",
			"resolved": "https://registry.npmjs.org/fastify-plugin/-/fastify-plugin-4.5.1.tgz",
			"integrity": "sha512-stRHYGeuqpEZTL1Ef0Ovr2ltazUT9g844X5z/zEBFLG8RYlpDiOCIG+ATvYEp+/zmc7sN29mcIMp8gvYplYPIQ==",
			"license": "MIT"
		},
		"node_modules/fastq": {
			"version": "1.19.1",
			"resolved": "https://registry.npmjs.org/fastq/-/fastq-1.19.1.tgz",
			"integrity": "sha512-GwLTyxkCXjXbxqIhTsMI2Nui8huMPtnxg7krajPJAjnEG/iiOS7i+zCtWGZR9G0NBKbXKh6X9m9UIsYX/N6vvQ==",
			"license": "ISC",
			"dependencies": {
				"reusify": "^1.0.4"
			}
		},
		"node_modules/fill-range": {
			"version": "7.1.1",
			"resolved": "https://registry.npmjs.org/fill-range/-/fill-range-7.1.1.tgz",
			"integrity": "sha512-YsGpe3WHLK8ZYi4tWDg2Jy3ebRz2rXowDxnld4bkQB00cc/1Zw9AWnC0i9ztDJitivtQvaI9KaLyKrc+hBW0yg==",
			"license": "MIT",
			"dependencies": {
				"to-regex-range": "^5.0.1"
			},
			"engines": {
				"node": ">=8"
			}
		},
		"node_modules/find-my-way": {
			"version": "8.2.2",
			"resolved": "https://registry.npmjs.org/find-my-way/-/find-my-way-8.2.2.tgz",
			"integrity": "sha512-Dobi7gcTEq8yszimcfp/R7+owiT4WncAJ7VTTgFH1jYJ5GaG1FbhjwDG820hptN0QDFvzVY3RfCzdInvGPGzjA==",
			"license": "MIT",
			"dependencies": {
				"fast-deep-equal": "^3.1.3",
				"fast-querystring": "^1.0.0",
				"safe-regex2": "^3.1.0"
			},
			"engines": {
				"node": ">=14"
			}
		},
		"node_modules/forwarded": {
			"version": "0.2.0",
			"resolved": "https://registry.npmjs.org/forwarded/-/forwarded-0.2.0.tgz",
			"integrity": "sha512-buRG0fpBtRHSTCOASe6hD258tEubFoRLb4ZNA6NxMVHNw2gOcwHo9wyablzMzOA5z9xA9L1KNjk/Nt6MT9aYow==",
			"license": "MIT",
			"engines": {
				"node": ">= 0.6"
			}
		},
		"node_modules/glob-parent": {
			"version": "5.1.2",
			"resolved": "https://registry.npmjs.org/glob-parent/-/glob-parent-5.1.2.tgz",
			"integrity": "sha512-AOIgSQCepiJYwP3ARnGx+5VnTu2HBYdzbGP45eLw1vr3zB3vZLeyed1sC9hnbcOc9/SrMyM5RPQrkGz4aS9Zow==",
			"license": "ISC",
			"dependencies": {
				"is-glob": "^4.0.1"
			},
			"engines": {
				"node": ">= 6"
			}
		},
		"node_modules/globby": {
			"version": "14.1.0",
			"resolved": "https://registry.npmjs.org/globby/-/globby-14.1.0.tgz",
			"integrity": "sha512-0Ia46fDOaT7k4og1PDW4YbodWWr3scS2vAr2lTbsplOt2WkKp0vQbkI9wKis/T5LV/dqPjO3bpS/z6GTJB82LA==",
			"license": "MIT",
			"dependencies": {
				"@sindresorhus/merge-streams": "^2.1.0",
				"fast-glob": "^3.3.3",
				"ignore": "^7.0.3",
				"path-type": "^6.0.0",
				"slash": "^5.1.0",
				"unicorn-magic": "^0.3.0"
			},
			"engines": {
				"node": ">=18"
			},
			"funding": {
				"url": "https://github.com/sponsors/sindresorhus"
			}
		},
		"node_modules/helmet": {
			"version": "7.2.0",
			"resolved": "https://registry.npmjs.org/helmet/-/helmet-7.2.0.tgz",
			"integrity": "sha512-ZRiwvN089JfMXokizgqEPXsl2Guk094yExfoDXR0cBYWxtBbaSww/w+vT4WEJsBW2iTUi1GgZ6swmoug3Oy4Xw==",
			"license": "MIT",
			"engines": {
				"node": ">=16.0.0"
			}
		},
		"node_modules/ignore": {
			"version": "7.0.5",
			"resolved": "https://registry.npmjs.org/ignore/-/ignore-7.0.5.tgz",
			"integrity": "sha512-Hs59xBNfUIunMFgWAbGX5cq6893IbWg4KnrjbYwX3tx0ztorVgTDA6B2sxf8ejHJ4wz8BqGUMYlnzNBer5NvGg==",
			"license": "MIT",
			"engines": {
				"node": ">= 4"
			}
		},
		"node_modules/ipaddr.js": {
			"version": "1.9.1",
			"resolved": "https://registry.npmjs.org/ipaddr.js/-/ipaddr.js-1.9.1.tgz",
			"integrity": "sha512-0KI/607xoxSToH7GjN1FfSbLoU0+btTicjsQSWQlh/hZykN8KpmMf7uYwPW3R+akZ6R/w18ZlXSHBYXiYUPO3g==",
			"license": "MIT",
			"engines": {
				"node": ">= 0.10"
			}
		},
		"node_modules/is-extglob": {
			"version": "2.1.1",
			"resolved": "https://registry.npmjs.org/is-extglob/-/is-extglob-2.1.1.tgz",
			"integrity": "sha512-SbKbANkN603Vi4jEZv49LeVJMn4yGwsbzZworEoyEiutsN3nJYdbO36zfhGJ6QEDpOZIFkDtnq5JRxmvl3jsoQ==",
			"license": "MIT",
			"engines": {
				"node": ">=0.10.0"
			}
		},
		"node_modules/is-glob": {
			"version": "4.0.3",
			"resolved": "https://registry.npmjs.org/is-glob/-/is-glob-4.0.3.tgz",
			"integrity": "sha512-xelSayHH36ZgE7ZWhli7pW34hNbNl8Ojv5KVmkJD4hBdD3th8Tfk9vYasLM+mXWOZhFkgZfxhLSnrwRr4elSSg==",
			"license": "MIT",
			"dependencies": {
				"is-extglob": "^2.1.1"
			},
			"engines": {
				"node": ">=0.10.0"
			}
		},
		"node_modules/is-number": {
			"version": "7.0.0",
			"resolved": "https://registry.npmjs.org/is-number/-/is-number-7.0.0.tgz",
			"integrity": "sha512-41Cifkg6e8TylSpdtTpeLVMqvSBEVzTttHvERD741+pnZ8ANv0004MRL43QKPDlK9cGvNp6NZWZUBlbGXYxxng==",
			"license": "MIT",
			"engines": {
				"node": ">=0.12.0"
			}
		},
		"node_modules/json-schema-ref-resolver": {
			"version": "1.0.1",
			"resolved": "https://registry.npmjs.org/json-schema-ref-resolver/-/json-schema-ref-resolver-1.0.1.tgz",
			"integrity": "sha512-EJAj1pgHc1hxF6vo2Z3s69fMjO1INq6eGHXZ8Z6wCQeldCuwxGK9Sxf4/cScGn3FZubCVUehfWtcDM/PLteCQw==",
			"license": "MIT",
			"dependencies": {
				"fast-deep-equal": "^3.1.3"
			}
		},
		"node_modules/json-schema-traverse": {
			"version": "1.0.0",
			"resolved": "https://registry.npmjs.org/json-schema-traverse/-/json-schema-traverse-1.0.0.tgz",
			"integrity": "sha512-NM8/P9n3XjXhIZn1lLhkFaACTOURQXjWhV4BA/RnOv8xvgqtqpAX9IO4mRQxSx1Rlo4tqzeqb0sOlruaOy3dug==",
			"license": "MIT"
		},
		"node_modules/light-my-request": {
			"version": "5.14.0",
			"resolved": "https://registry.npmjs.org/light-my-request/-/light-my-request-5.14.0.tgz",
			"integrity": "sha512-aORPWntbpH5esaYpGOOmri0OHDOe3wC5M2MQxZ9dvMLZm6DnaAn0kJlcbU9hwsQgLzmZyReKwFwwPkR+nHu5kA==",
			"license": "BSD-3-Clause",
			"dependencies": {
				"cookie": "^0.7.0",
				"process-warning": "^3.0.0",
				"set-cookie-parser": "^2.4.1"
			}
		},
		"node_modules/merge2": {
			"version": "1.4.1",
			"resolved": "https://registry.npmjs.org/merge2/-/merge2-1.4.1.tgz",
			"integrity": "sha512-8q7VEgMJW4J8tcfVPy8g09NcQwZdbwFEqhe/WZkoIzjn/3TGDwtOCYtXGxA3O8tPzpczCCDgv+P2P5y00ZJOOg==",
			"license": "MIT",
			"engines": {
				"node": ">= 8"
			}
		},
		"node_modules/micromatch": {
			"version": "4.0.8",
			"resolved": "https://registry.npmjs.org/micromatch/-/micromatch-4.0.8.tgz",
			"integrity": "sha512-PXwfBhYu0hBCPw8Dn0E+WDYb7af3dSLVWKi3HGv84IdF4TyFoC0ysxFd0Goxw7nSv4T/PzEJQxsYsEiFCKo2BA==",
			"license": "MIT",
			"dependencies": {
				"braces": "^3.0.3",
				"picomatch": "^2.3.1"
			},
			"engines": {
				"node": ">=8.6"
			}
		},
		"node_modules/on-exit-leak-free": {
			"version": "2.1.2",
			"resolved": "https://registry.npmjs.org/on-exit-leak-free/-/on-exit-leak-free-2.1.2.tgz",
			"integrity": "sha512-0eJJY6hXLGf1udHwfNftBqH+g73EU4B504nZeKpz1sYRKafAghwxEJunB2O7rDZkL4PGfsMVnTXZ2EjibbqcsA==",
			"license": "MIT",
			"engines": {
				"node": ">=14.0.0"
			}
		},
		"node_modules/path-type": {
			"version": "6.0.0",
			"resolved": "https://registry.npmjs.org/path-type/-/path-type-6.0.0.tgz",
			"integrity": "sha512-Vj7sf++t5pBD637NSfkxpHSMfWaeig5+DKWLhcqIYx6mWQz5hdJTGDVMQiJcw1ZYkhs7AazKDGpRVji1LJCZUQ==",
			"license": "MIT",
			"engines": {
				"node": ">=18"
			},
			"funding": {
				"url": "https://github.com/sponsors/sindresorhus"
			}
		},
		"node_modules/picomatch": {
			"version": "2.3.1",
			"resolved": "https://registry.npmjs.org/picomatch/-/picomatch-2.3.1.tgz",
			"integrity": "sha512-JU3teHTNjmE2VCGFzuY8EXzCDVwEqB2a8fsIvwaStHhAWJEeVd1o1QD80CU6+ZdEXXSLbSsuLwJjkCBWqRQUVA==",
			"license": "MIT",
			"engines": {
				"node": ">=8.6"
			},
			"funding": {
				"url": "https://github.com/sponsors/jonschlinkert"
			}
		},
		"node_modules/pino": {
			"version": "9.14.0",
			"resolved": "https://registry.npmjs.org/pino/-/pino-9.14.0.tgz",
			"integrity": "sha512-8OEwKp5juEvb/MjpIc4hjqfgCNysrS94RIOMXYvpYCdm/jglrKEiAYmiumbmGhCvs+IcInsphYDFwqrjr7398w==",
			"license": "MIT",
			"dependencies": {
				"@pinojs/redact": "^0.4.0",
				"atomic-sleep": "^1.0.0",
				"on-exit-leak-free": "^2.1.0",
				"pino-abstract-transport": "^2.0.0",
				"pino-std-serializers": "^7.0.0",
				"process-warning": "^5.0.0",
				"quick-format-unescaped": "^4.0.3",
				"real-require": "^0.2.0",
				"safe-stable-stringify": "^2.3.1",
				"sonic-boom": "^4.0.1",
				"thread-stream": "^3.0.0"
			},
			"bin": {
				"pino": "bin.js"
			}
		},
		"node_modules/pino-abstract-transport": {
			"version": "2.0.0",
			"resolved": "https://registry.npmjs.org/pino-abstract-transport/-/pino-abstract-transport-2.0.0.tgz",
			"integrity": "sha512-F63x5tizV6WCh4R6RHyi2Ml+M70DNRXt/+HANowMflpgGFMAym/VKm6G7ZOQRjqN7XbGxK1Lg9t6ZrtzOaivMw==",
			"license": "MIT",
			"dependencies": {
				"split2": "^4.0.0"
			}
		},
		"node_modules/pino-std-serializers": {
			"version": "7.0.0",
			"resolved": "https://registry.npmjs.org/pino-std-serializers/-/pino-std-serializers-7.0.0.tgz",
			"integrity": "sha512-e906FRY0+tV27iq4juKzSYPbUj2do2X2JX4EzSca1631EB2QJQUqGbDuERal7LCtOpxl6x3+nvo9NPZcmjkiFA==",
			"license": "MIT"
		},
		"node_modules/pino/node_modules/process-warning": {
			"version": "5.0.0",
			"resolved": "https://registry.npmjs.org/process-warning/-/process-warning-5.0.0.tgz",
			"integrity": "sha512-a39t9ApHNx2L4+HBnQKqxxHNs1r7KF+Intd8Q/g1bUh6q0WIp9voPXJ/x0j+ZL45KF1pJd9+q2jLIRMfvEshkA==",
			"funding": [
				{
					"type": "github",
					"url": "https://github.com/sponsors/fastify"
				},
				{
					"type": "opencollective",
					"url": "https://opencollective.com/fastify"
				}
			],
			"license": "MIT"
		},
		"node_modules/process-warning": {
			"version": "3.0.0",
			"resolved": "https://registry.npmjs.org/process-warning/-/process-warning-3.0.0.tgz",
			"integrity": "sha512-mqn0kFRl0EoqhnL0GQ0veqFHyIN1yig9RHh/InzORTUiZHFRAur+aMtRkELNwGs9aNwKS6tg/An4NYBPGwvtzQ==",
			"license": "MIT"
		},
		"node_modules/proxy-addr": {
			"version": "2.0.7",
			"resolved": "https://registry.npmjs.org/proxy-addr/-/proxy-addr-2.0.7.tgz",
			"integrity": "sha512-llQsMLSUDUPT44jdrU/O37qlnifitDP+ZwrmmZcoSKyLKvtZxpyV0n2/bD/N4tBAAZ/gJEdZU7KMraoK1+XYAg==",
			"license": "MIT",
			"dependencies": {
				"forwarded": "0.2.0",
				"ipaddr.js": "1.9.1"
			},
			"engines": {
				"node": ">= 0.10"
			}
		},
		"node_modules/queue-microtask": {
			"version": "1.2.3",
			"resolved": "https://registry.npmjs.org/queue-microtask/-/queue-microtask-1.2.3.tgz",
			"integrity": "sha512-NuaNSa6flKT5JaSYQzJok04JzTL1CA6aGhv5rfLW3PgqA+M2ChpZQnAC8h8i4ZFkBS8X5RqkDBHA7r4hej3K9A==",
			"funding": [
				{
					"type": "github",
					"url": "https://github.com/sponsors/feross"
				},
				{
					"type": "patreon",
					"url": "https://www.patreon.com/feross"
				},
				{
					"type": "consulting",
					"url": "https://feross.org/support"
				}
			],
			"license": "MIT"
		},
		"node_modules/quick-format-unescaped": {
			"version": "4.0.4",
			"resolved": "https://registry.npmjs.org/quick-format-unescaped/-/quick-format-unescaped-4.0.4.tgz",
			"integrity": "sha512-tYC1Q1hgyRuHgloV/YXs2w15unPVh8qfu/qCTfhTYamaw7fyhumKa2yGpdSo87vY32rIclj+4fWYQXUMs9EHvg==",
			"license": "MIT"
		},
		"node_modules/real-require": {
			"version": "0.2.0",
			"resolved": "https://registry.npmjs.org/real-require/-/real-require-0.2.0.tgz",
			"integrity": "sha512-57frrGM/OCTLqLOAh0mhVA9VBMHd+9U7Zb2THMGdBUoZVOtGbJzjxsYGDJ3A9AYYCP4hn6y1TVbaOfzWtm5GFg==",
			"license": "MIT",
			"engines": {
				"node": ">= 12.13.0"
			}
		},
		"node_modules/require-from-string": {
			"version": "2.0.2",
			"resolved": "https://registry.npmjs.org/require-from-string/-/require-from-string-2.0.2.tgz",
			"integrity": "sha512-Xf0nWe6RseziFMu+Ap9biiUbmplq6S9/p+7w7YXP/JBHhrUDDUhwa+vANyubuqfZWTveU//DYVGsDG7RKL/vEw==",
			"license": "MIT",
			"engines": {
				"node": ">=0.10.0"
			}
		},
		"node_modules/ret": {
			"version": "0.4.3",
			"resolved": "https://registry.npmjs.org/ret/-/ret-0.4.3.tgz",
			"integrity": "sha512-0f4Memo5QP7WQyUEAYUO3esD/XjOc3Zjjg5CPsAq1p8sIu0XPeMbHJemKA0BO7tV0X7+A0FoEpbmHXWxPyD3wQ==",
			"license": "MIT",
			"engines": {
				"node": ">=10"
			}
		},
		"node_modules/reusify": {
			"version": "1.1.0",
			"resolved": "https://registry.npmjs.org/reusify/-/reusify-1.1.0.tgz",
			"integrity": "sha512-g6QUff04oZpHs0eG5p83rFLhHeV00ug/Yf9nZM6fLeUrPguBTkTQOdpAWWspMh55TZfVQDPaN3NQJfbVRAxdIw==",
			"license": "MIT",
			"engines": {
				"iojs": ">=1.0.0",
				"node": ">=0.10.0"
			}
		},
		"node_modules/rfdc": {
			"version": "1.4.1",
			"resolved": "https://registry.npmjs.org/rfdc/-/rfdc-1.4.1.tgz",
			"integrity": "sha512-q1b3N5QkRUWUl7iyylaaj3kOpIT0N2i9MqIEQXP73GVsN9cw3fdx8X63cEmWhJGi2PPCF23Ijp7ktmd39rawIA==",
			"license": "MIT"
		},
		"node_modules/run-parallel": {
			"version": "1.2.0",
			"resolved": "https://registry.npmjs.org/run-parallel/-/run-parallel-1.2.0.tgz",
			"integrity": "sha512-5l4VyZR86LZ/lDxZTR6jqL8AFE2S0IFLMP26AbjsLVADxHdhB/c0GUsH+y39UfCi3dzz8OlQuPmnaJOMoDHQBA==",
			"funding": [
				{
					"type": "github",
					"url": "https://github.com/sponsors/feross"
				},
				{
					"type": "patreon",
					"url": "https://www.patreon.com/feross"
				},
				{
					"type": "consulting",
					"url": "https://feross.org/support"
				}
			],
			"license": "MIT",
			"dependencies": {
				"queue-microtask": "^1.2.2"
			}
		},
		"node_modules/safe-regex2": {
			"version": "3.1.0",
			"resolved": "https://registry.npmjs.org/safe-regex2/-/safe-regex2-3.1.0.tgz",
			"integrity": "sha512-RAAZAGbap2kBfbVhvmnTFv73NWLMvDGOITFYTZBAaY8eR+Ir4ef7Up/e7amo+y1+AH+3PtLkrt9mvcTsG9LXug==",
			"license": "MIT",
			"dependencies": {
				"ret": "~0.4.0"
			}
		},
		"node_modules/safe-stable-stringify": {
			"version": "2.5.0",
			"resolved": "https://registry.npmjs.org/safe-stable-stringify/-/safe-stable-stringify-2.5.0.tgz",
			"integrity": "sha512-b3rppTKm9T+PsVCBEOUR46GWI7fdOs00VKZ1+9c1EWDaDMvjQc6tUwuFyIprgGgTcWoVHSKrU8H31ZHA2e0RHA==",
			"license": "MIT",
			"engines": {
				"node": ">=10"
			}
		},
		"node_modules/secure-json-parse": {
			"version": "2.7.0",
			"resolved": "https://registry.npmjs.org/secure-json-parse/-/secure-json-parse-2.7.0.tgz",
			"integrity": "sha512-6aU+Rwsezw7VR8/nyvKTx8QpWH9FrcYiXXlqC4z5d5XQBDRqtbfsRjnwGyqbi3gddNtWHuEk9OANUotL26qKUw==",
			"license": "BSD-3-Clause"
		},
		"node_modules/semver": {
			"version": "7.7.3",
			"resolved": "https://registry.npmjs.org/semver/-/semver-7.7.3.tgz",
			"integrity": "sha512-SdsKMrI9TdgjdweUSR9MweHA4EJ8YxHn8DFaDisvhVlUOe4BF1tLD7GAj0lIqWVl+dPb/rExr0Btby5loQm20Q==",
			"license": "ISC",
			"bin": {
				"semver": "bin/semver.js"
			},
			"engines": {
				"node": ">=10"
			}
		},
		"node_modules/set-cookie-parser": {
			"version": "2.7.2",
			"resolved": "https://registry.npmjs.org/set-cookie-parser/-/set-cookie-parser-2.7.2.tgz",
			"integrity": "sha512-oeM1lpU/UvhTxw+g3cIfxXHyJRc/uidd3yK1P242gzHds0udQBYzs3y8j4gCCW+ZJ7ad0yctld8RYO+bdurlvw==",
			"license": "MIT"
		},
		"node_modules/slash": {
			"version": "5.1.0",
			"resolved": "https://registry.npmjs.org/slash/-/slash-5.1.0.tgz",
			"integrity": "sha512-ZA6oR3T/pEyuqwMgAKT0/hAv8oAXckzbkmR0UkUosQ+Mc4RxGoJkRmwHgHufaenlyAgE1Mxgpdcrf75y6XcnDg==",
			"license": "MIT",
			"engines": {
				"node": ">=14.16"
			},
			"funding": {
				"url": "https://github.com/sponsors/sindresorhus"
			}
		},
		"node_modules/sonic-boom": {
			"version": "4.2.0",
			"resolved": "https://registry.npmjs.org/sonic-boom/-/sonic-boom-4.2.0.tgz",
			"integrity": "sha512-INb7TM37/mAcsGmc9hyyI6+QR3rR1zVRu36B0NeGXKnOOLiZOfER5SA+N7X7k3yUYRzLWafduTDvJAfDswwEww==",
			"license": "MIT",
			"dependencies": {
				"atomic-sleep": "^1.0.0"
			}
		},
		"node_modules/split2": {
			"version": "4.2.0",
			"resolved": "https://registry.npmjs.org/split2/-/split2-4.2.0.tgz",
			"integrity": "sha512-UcjcJOWknrNkF6PLX83qcHM6KHgVKNkV62Y8a5uYDVv9ydGQVwAHMKqHdJje1VTWpljG0WYpCDhrCdAOYH4TWg==",
			"license": "ISC",
			"engines": {
				"node": ">= 10.x"
			}
		},
		"node_modules/thread-stream": {
			"version": "3.1.0",
			"resolved": "https://registry.npmjs.org/thread-stream/-/thread-stream-3.1.0.tgz",
			"integrity": "sha512-OqyPZ9u96VohAyMfJykzmivOrY2wfMSf3C5TtFJVgN+Hm6aj+voFhlK+kZEIv2FBh1X6Xp3DlnCOfEQ3B2J86A==",
			"license": "MIT",
			"dependencies": {
				"real-require": "^0.2.0"
			}
		},
		"node_modules/to-regex-range": {
			"version": "5.0.1",
			"resolved": "https://registry.npmjs.org/to-regex-range/-/to-regex-range-5.0.1.tgz",
			"integrity": "sha512-65P7iz6X5yEr1cwcgvQxbbIw7Uk3gOy5dIdtZ4rDveLqhrdJP+Li/Hx6tyK0NEb+2GCyneCMJiGqrADCSNk8sQ==",
			"license": "MIT",
			"dependencies": {
				"is-number": "^7.0.0"
			},
			"engines": {
				"node": ">=8.0"
			}
		},
		"node_modules/toad-cache": {
			"version": "3.7.0",
			"resolved": "https://registry.npmjs.org/toad-cache/-/toad-cache-3.7.0.tgz",
			"integrity": "sha512-/m8M+2BJUpoJdgAHoG+baCwBT+tf2VraSfkBgl0Y00qIWt41DJ8R5B8nsEw0I58YwF5IZH6z24/2TobDKnqSWw==",
			"license": "MIT",
			"engines": {
				"node": ">=12"
			}
		},
		"node_modules/typescript": {
			"version": "5.9.3",
			"resolved": "https://registry.npmjs.org/typescript/-/typescript-5.9.3.tgz",
			"integrity": "sha512-jl1vZzPDinLr9eUt3J/t7V6FgNEw9QjvBPdysz9KfQDD41fQrC2Y4vKQdiaUpFT4bXlb1RHhLpp8wtm6M5TgSw==",
			"dev": true,
			"license": "Apache-2.0",
			"bin": {
				"tsc": "bin/tsc",
				"tsserver": "bin/tsserver"
			},
			"engines": {
				"node": ">=14.17"
			}
		},
		"node_modules/undici-types": {
			"version": "7.16.0",
			"resolved": "https://registry.npmjs.org/undici-types/-/undici-types-7.16.0.tgz",
			"integrity": "sha512-Zz+aZWSj8LE6zoxD+xrjh4VfkIG8Ya6LvYkZqtUQGJPZjYl53ypCaUwWqo7eI0x66KBGeRo+mlBEkMSeSZ38Nw==",
			"dev": true,
			"license": "MIT"
		},
		"node_modules/unicorn-magic": {
			"version": "0.3.0",
			"resolved": "https://registry.npmjs.org/unicorn-magic/-/unicorn-magic-0.3.0.tgz",
			"integrity": "sha512-+QBBXBCvifc56fsbuxZQ6Sic3wqqc3WWaqxs58gvJrcOuN83HGTCwz3oS5phzU9LthRNE9VrJCFCLUgHeeFnfA==",
			"license": "MIT",
			"engines": {
				"node": ">=18"
			},
			"funding": {
				"url": "https://github.com/sponsors/sindresorhus"
			}
		}
	}
}
